
Microsoft Visual Studio Solution File, Format Version 12.00
# Visual Studio Version 16
VisualStudioVersion = 16.0.30621.155
MinimumVisualStudioVersion = 10.0.40219.1
Project("{FAE04EC0-301F-11D3-BF4B-00C04F79EFBC}") = "CEPBrasil_v3", "CEPBrasil_v3\CEPBrasil_v3.csproj", "{B8A559D9-01A2-444E-ABFF-08ECFD63227A}"
EndProject
Global
	GlobalSection(SolutionConfigurationPlatforms) = preSolution
		Debug|Any CPU = Debug|Any CPU
		Release|Any CPU = Release|Any CPU
	EndGlobalSection
	GlobalSection(ProjectConfigurationPlatforms) = postSolution
		{B8A559D9-01A2-444E-ABFF-08ECFD63227A}.Debug|Any CPU.ActiveCfg = Debug|Any CPU
		{B8A559D9-01A2-444E-ABFF-08ECFD63227A}.Debug|Any CPU.Build.0 = Debug|Any CPU
		{B8A559D9-01A2-444E-ABFF-08ECFD63227A}.Release|Any CPU.ActiveCfg = Release|Any CPU
		{B8A559D9-01A2-444E-ABFF-08ECFD63227A}.Release|Any CPU.Build.0 = Release|Any CPU
	EndGlobalSection
	GlobalSection(SolutionProperties) = preSolution
		HideSolutionNode = FALSE
	EndGlobalSection
	GlobalSection(ExtensibilityGlobals) = postSolution
		SolutionGuid = {ED1C998B-39E0-4020-A7C9-685816D4CC0F}
	EndGlobalSection
EndGlobal
